
Microsoft Visual Studio Solution File, Format Version 12.00
# Visual Studio 15
Project("{FAE04EC0-301F-11D3-BF4B-00C04F79EFBC}") = "SuperWrapper", "SuperWrapper\SuperWrapper.csproj", "{365F9B3A-22F7-44CF-A01C-08427259D801}"
EndProject
Project("{FAE04EC0-301F-11D3-BF4B-00C04F79EFBC}") = "SuperWrapper.macOS", "SuperWrapper.macOS\SuperWrapper.macOS.csproj", "{348F1780-589A-4C7E-BFD1-0FBBF96E82E7}"
EndProject
Global
	GlobalSection(SolutionConfigurationPlatforms) = preSolution
		Ad-Hoc|iPhone = Ad-Hoc|iPhone
		AppStore|iPhone = AppStore|iPhone
		Debug|Any CPU = Debug|Any CPU
		Debug|iPhone = Debug|iPhone
		Debug|iPhoneSimulator = Debug|iPhoneSimulator
		Release|Any CPU = Release|Any CPU
		Release|iPhone = Release|iPhone
		Release|iPhoneSimulator = Release|iPhoneSimulator
	EndGlobalSection
	GlobalSection(ProjectConfigurationPlatforms) = postSolution
		{365F9B3A-22F7-44CF-A01C-08427259D801}.Ad-Hoc|iPhone.ActiveCfg = Debug|Any CPU
		{365F9B3A-22F7-44CF-A01C-08427259D801}.Ad-Hoc|iPhone.Build.0 = Debug|Any CPU
		{365F9B3A-22F7-44CF-A01C-08427259D801}.AppStore|iPhone.ActiveCfg = Debug|Any CPU
		{365F9B3A-22F7-44CF-A01C-08427259D801}.AppStore|iPhone.Build.0 = Debug|Any CPU
		{365F9B3A-22F7-44CF-A01C-08427259D801}.Debug|Any CPU.ActiveCfg = Debug|Any CPU
		{365F9B3A-22F7-44CF-A01C-08427259D801}.Debug|Any CPU.Build.0 = Debug|Any CPU
		{365F9B3A-22F7-44CF-A01C-08427259D801}.Debug|iPhone.ActiveCfg = Debug|Any CPU
		{365F9B3A-22F7-44CF-A01C-08427259D801}.Debug|iPhone.Build.0 = Debug|Any CPU
		{365F9B3A-22F7-44CF-A01C-08427259D801}.Debug|iPhoneSimulator.ActiveCfg = Debug|Any CPU
		{365F9B3A-22F7-44CF-A01C-08427259D801}.Debug|iPhoneSimulator.Build.0 = Debug|Any CPU
		{365F9B3A-22F7-44CF-A01C-08427259D801}.Release|Any CPU.ActiveCfg = Release|Any CPU
		{365F9B3A-22F7-44CF-A01C-08427259D801}.Release|Any CPU.Build.0 = Release|Any CPU
		{365F9B3A-22F7-44CF-A01C-08427259D801}.Release|iPhone.ActiveCfg = Release|Any CPU
		{365F9B3A-22F7-44CF-A01C-08427259D801}.Release|iPhone.Build.0 = Release|Any CPU
		{365F9B3A-22F7-44CF-A01C-08427259D801}.Release|iPhoneSimulator.ActiveCfg = Release|Any CPU
		{365F9B3A-22F7-44CF-A01C-08427259D801}.Release|iPhoneSimulator.Build.0 = Release|Any CPU
		{348F1780-589A-4C7E-BFD1-0FBBF96E82E7}.Ad-Hoc|iPhone.ActiveCfg = Debug|Any CPU
		{348F1780-589A-4C7E-BFD1-0FBBF96E82E7}.Ad-Hoc|iPhone.Build.0 = Debug|Any CPU
		{348F1780-589A-4C7E-BFD1-0FBBF96E82E7}.AppStore|iPhone.ActiveCfg = Debug|Any CPU
		{348F1780-589A-4C7E-BFD1-0FBBF96E82E7}.AppStore|iPhone.Build.0 = Debug|Any CPU
		{348F1780-589A-4C7E-BFD1-0FBBF96E82E7}.Debug|Any CPU.ActiveCfg = Debug|Any CPU
		{348F1780-589A-4C7E-BFD1-0FBBF96E82E7}.Debug|Any CPU.Build.0 = Debug|Any CPU
		{348F1780-589A-4C7E-BFD1-0FBBF96E82E7}.Debug|iPhone.ActiveCfg = Debug|Any CPU
		{348F1780-589A-4C7E-BFD1-0FBBF96E82E7}.Debug|iPhone.Build.0 = Debug|Any CPU
		{348F1780-589A-4C7E-BFD1-0FBBF96E82E7}.Debug|iPhoneSimulator.ActiveCfg = Debug|Any CPU
		{348F1780-589A-4C7E-BFD1-0FBBF96E82E7}.Debug|iPhoneSimulator.Build.0 = Debug|Any CPU
		{348F1780-589A-4C7E-BFD1-0FBBF96E82E7}.Release|Any CPU.ActiveCfg = Release|Any CPU
		{348F1780-589A-4C7E-BFD1-0FBBF96E82E7}.Release|Any CPU.Build.0 = Release|Any CPU
		{348F1780-589A-4C7E-BFD1-0FBBF96E82E7}.Release|iPhone.ActiveCfg = Release|Any CPU
		{348F1780-589A-4C7E-BFD1-0FBBF96E82E7}.Release|iPhone.Build.0 = Release|Any CPU
		{348F1780-589A-4C7E-BFD1-0FBBF96E82E7}.Release|iPhoneSimulator.ActiveCfg = Release|Any CPU
		{348F1780-589A-4C7E-BFD1-0FBBF96E82E7}.Release|iPhoneSimulator.Build.0 = Release|Any CPU
	EndGlobalSection
EndGlobal
